{
  "name": "research-stack-tiddlywiki-local",
  "lockfileVersion": 3,
  "requires": true,
  "packages": {
    "": {
      "name": "research-stack-tiddlywiki-local",
      "dependencies": {
        "tiddlywiki": "^5.3.8"
      }
    },
    "node_modules/tiddlywiki": {
      "version": "5.4.0",
      "resolved": "https://registry.npmjs.org/tiddlywiki/-/tiddlywiki-5.4.0.tgz",
      "integrity": "sha512-KD7kskwijrj4tOBjHY0XldQiQ2bnNNEsCXcGaYdIUeTqEMoKVK436Gkscc+qUwQE7APRyQ6t1gvbOKOLly1MvA==",
      "license": "BSD",
      "bin": {
        "tiddlywiki": "tiddlywiki.js"
      },
      "engines": {
        "node": ">=20.0.0"
      }
    }
  }
}
